PODS:
  - LazoReports (0.1.0)
  - Nimble (7.3.4)
  - Quick (1.2.0)

DEPENDENCIES:
  - LazoReports (from `./`)
  - Nimble (~> 7.0)
  - Quick (~> 1.2.0)

SPEC REPOS:
  trunk:
    - Nimble
    - Quick

EXTERNAL SOURCES:
  LazoReports:
    :path: "./"

SPEC CHECKSUMS:
  LazoReports: ea2349ab77d137137ebef832ea4dd78ad916b844
  Nimble: 051e3d8912d40138fa5591c78594f95fb172af37
  Quick: 58d203b1c5e27fff7229c4c1ae445ad7069a7a08

PODFILE CHECKSUM: 30d84822df9ab716b83d8fa7684af436032f5eb2

COCOAPODS: 1.8.4
